
Microsoft Visual Studio Solution File, Format Version 12.00
# Visual Studio Version 17
VisualStudioVersion = 17.6.33723.286
MinimumVisualStudioVersion = 10.0.40219.1
Project("{FAE04EC0-301F-11D3-BF4B-00C04F79EFBC}") = "ProyectApi", "ProyectApi\ProyectApi.csproj", "{ED1E31B4-4957-4A3F-8B83-9AE11E2A80CC}"
EndProject
Global
	GlobalSection(SolutionConfigurationPlatforms) = preSolution
		Debug|Any CPU = Debug|Any CPU
		Release|Any CPU = Release|Any CPU
	EndGlobalSection
	GlobalSection(ProjectConfigurationPlatforms) = postSolution
		{ED1E31B4-4957-4A3F-8B83-9AE11E2A80CC}.Debug|Any CPU.ActiveCfg = Debug|Any CPU
		{ED1E31B4-4957-4A3F-8B83-9AE11E2A80CC}.Debug|Any CPU.Build.0 = Debug|Any CPU
		{ED1E31B4-4957-4A3F-8B83-9AE11E2A80CC}.Release|Any CPU.ActiveCfg = Release|Any CPU
		{ED1E31B4-4957-4A3F-8B83-9AE11E2A80CC}.Release|Any CPU.Build.0 = Release|Any CPU
	EndGlobalSection
	GlobalSection(SolutionProperties) = preSolution
		HideSolutionNode = FALSE
	EndGlobalSection
	GlobalSection(ExtensibilityGlobals) = postSolution
		SolutionGuid = {4D0DCAA0-8A65-4BBE-A590-9DE1799B2487}
	EndGlobalSection
EndGlobal
